{
  "version": 4,
  "terraform_version": "1.11.3",
  "serial": 30,
  "lineage": "335c8cfc-e624-c167-b22c-7230097ce5a3",
  "outputs": {
    "bucket_name": {
      "value": "mon-bucket-terraform-cesi-2025",
      "type": "string"
    },
    "db_instance_connection_name": {
      "value": "western-verve-481714-d4:europe-west1:demo-sql-instance",
      "type": "string"
    },
    "lb_ip_address": {
      "value": "34.117.206.155",
      "type": "string"
    }
  },
  "resources": [
    {
      "mode": "managed",
      "type": "google_compute_autoscaler",
      "name": "web_autoscaler",
      "provider": "provider[\"registry.terraform.io/hashicorp/google\"]",
      "instances": [
        {
          "schema_version": 0,
          "attributes": {
            "autoscaling_policy": [
              {
                "cooldown_period": 60,
                "cpu_utilization": [
                  {
                    "predictive_method": "NONE",
                    "target": 0.6
                  }
                ],
                "load_balancing_utilization": [],
                "max_replicas": 3,
                "metric": [],
                "min_replicas": 1,
                "mode": "ON",
                "scale_in_control": [],
                "scaling_schedules": []
              }
            ],
            "creation_timestamp": "2025-12-19T06:30:07.013-08:00",
            "description": "",
            "id": "projects/western-verve-481714-d4/zones/europe-west1-b/autoscalers/web-autoscaler",
            "name": "web-autoscaler",
            "project": "western-verve-481714-d4",
            "self_link": "https://www.googleapis.com/compute/v1/projects/western-verve-481714-d4/zones/europe-west1-b/autoscalers/web-autoscaler",
            "target": "https://www.googleapis.com/compute/v1/projects/western-verve-481714-d4/zones/europe-west1-b/instanceGroupManagers/web-igm",
            "timeouts": null,
            "zone": "europe-west1-b"
          },
          "sensitive_attributes": [],
          "private": "eyJlMmJmYjczMC1lY2FhLTExZTYtOGY4OC0zNDM2M2JjN2M0YzAiOnsiY3JlYXRlIjoxMjAwMDAwMDAwMDAwLCJkZWxldGUiOjEyMDAwMDAwMDAwMDAsInVwZGF0ZSI6MTIwMDAwMDAwMDAwMH19",
          "dependencies": [
            "google_compute_instance_group_manager.web_igm",
            "google_compute_instance_template.web_template",
            "google_compute_network.vpc",
            "google_compute_subnetwork.subnet",
            "google_service_account.default_sa"
          ]
        }
      ]
    },
    {
      "mode": "managed",
      "type": "google_compute_backend_service",
      "name": "web_backend",
      "provider": "provider[\"registry.terraform.io/hashicorp/google\"]",
      "instances": [
        {
          "schema_version": 1,
          "attributes": {
            "affinity_cookie_ttl_sec": 0,
            "backend": [
              {
                "balancing_mode": "UTILIZATION",
                "capacity_scaler": 1,
                "description": "",
                "group": "https://www.googleapis.com/compute/v1/projects/western-verve-481714-d4/zones/europe-west1-b/instanceGroups/web-igm",
                "max_connections": 0,
                "max_connections_per_endpoint": 0,
                "max_connections_per_instance": 0,
                "max_rate": 0,
                "max_rate_per_endpoint": 0,
                "max_rate_per_instance": 0,
                "max_utilization": 0
              }
            ],
            "cdn_policy": [],
            "circuit_breakers": [],
            "compression_mode": "",
            "connection_draining_timeout_sec": 300,
            "consistent_hash": [],
            "creation_timestamp": "2025-12-19T06:30:08.298-08:00",
            "custom_request_headers": [],
            "custom_response_headers": [],
            "description": "",
            "edge_security_policy": "",
            "enable_cdn": false,
            "fingerprint": "DDt16PMlcxs=",
            "generated_id": 2716318439846764447,
            "health_checks": [
              "https://www.googleapis.com/compute/v1/projects/western-verve-481714-d4/global/healthChecks/web-http-healthcheck"
            ],
            "iap": [],
            "id": "projects/western-verve-481714-d4/global/backendServices/web-backend-service",
            "load_balancing_scheme": "EXTERNAL",
            "locality_lb_policies": [],
            "locality_lb_policy": "",
            "log_config": [],
            "name": "web-backend-service",
            "outlier_detection": [],
            "port_name": "http",
            "project": "western-verve-481714-d4",
            "protocol": "HTTP",
            "security_policy": "",
            "security_settings": [],
            "self_link": "https://www.googleapis.com/compute/v1/projects/western-verve-481714-d4/global/backendServices/web-backend-service",
            "service_lb_policy": "",
            "session_affinity": "NONE",
            "timeout_sec": 30,
            "timeouts": null
          },
          "sensitive_attributes": [],
          "private": "eyJlMmJmYjczMC1lY2FhLTExZTYtOGY4OC0zNDM2M2JjN2M0YzAiOnsiY3JlYXRlIjoxMjAwMDAwMDAwMDAwLCJkZWxldGUiOjEyMDAwMDAwMDAwMDAsInVwZGF0ZSI6MTIwMDAwMDAwMDAwMH0sInNjaGVtYV92ZXJzaW9uIjoiMSJ9",
          "dependencies": [
            "google_compute_health_check.http_healthcheck",
            "google_compute_instance_group_manager.web_igm",
            "google_compute_instance_template.web_template",
            "google_compute_network.vpc",
            "google_compute_subnetwork.subnet",
            "google_service_account.default_sa"
          ]
        }
      ]
    },
    {
      "mode": "managed",
      "type": "google_compute_firewall",
      "name": "allow_http",
      "provider": "provider[\"registry.terraform.io/hashicorp/google\"]",
      "instances": [
        {
          "schema_version": 1,
          "attributes": {
            "allow": [
              {
                "ports": [
                  "80"
                ],
                "protocol": "tcp"
              }
            ],
            "creation_timestamp": "2025-12-19T06:29:22.013-08:00",
            "deny": [],
            "description": "",
            "destination_ranges": [],
            "direction": "INGRESS",
            "disabled": false,
            "enable_logging": null,
            "id": "projects/western-verve-481714-d4/global/firewalls/main-vpc-allow-http",
            "log_config": [],
            "name": "main-vpc-allow-http",
            "network": "https://www.googleapis.com/compute/v1/projects/western-verve-481714-d4/global/networks/main-vpc",
            "priority": 1001,
            "project": "western-verve-481714-d4",
            "self_link": "https://www.googleapis.com/compute/v1/projects/western-verve-481714-d4/global/firewalls/main-vpc-allow-http",
            "source_ranges": [
              "0.0.0.0/0"
            ],
            "source_service_accounts": [],
            "source_tags": [],
            "target_service_accounts": [],
            "target_tags": [],
            "timeouts": null
          },
          "sensitive_attributes": [],
          "private": "eyJlMmJmYjczMC1lY2FhLTExZTYtOGY4OC0zNDM2M2JjN2M0YzAiOnsiY3JlYXRlIjoxMjAwMDAwMDAwMDAwLCJkZWxldGUiOjEyMDAwMDAwMDAwMDAsInVwZGF0ZSI6MTIwMDAwMDAwMDAwMH0sInNjaGVtYV92ZXJzaW9uIjoiMSJ9",
          "dependencies": [
            "google_compute_network.vpc"
          ]
        }
      ]
    },
    {
      "mode": "managed",
      "type": "google_compute_firewall",
      "name": "allow_ssh",
      "provider": "provider[\"registry.terraform.io/hashicorp/google\"]",
      "instances": [
        {
          "schema_version": 1,
          "attributes": {
            "allow": [
              {
                "ports": [
                  "22"
                ],
                "protocol": "tcp"
              }
            ],
            "creation_timestamp": "2025-12-19T06:29:22.162-08:00",
            "deny": [],
            "description": "",
            "destination_ranges": [],
            "direction": "INGRESS",
            "disabled": false,
            "enable_logging": null,
            "id": "projects/western-verve-481714-d4/global/firewalls/main-vpc-allow-ssh",
            "log_config": [],
            "name": "main-vpc-allow-ssh",
            "network": "https://www.googleapis.com/compute/v1/projects/western-verve-481714-d4/global/networks/main-vpc",
            "priority": 1000,
            "project": "western-verve-481714-d4",
            "self_link": "https://www.googleapis.com/compute/v1/projects/western-verve-481714-d4/global/firewalls/main-vpc-allow-ssh",
            "source_ranges": [
              "0.0.0.0/0"
            ],
            "source_service_accounts": [],
            "source_tags": [],
            "target_service_accounts": [],
            "target_tags": [],
            "timeouts": null
          },
          "sensitive_attributes": [],
          "private": "eyJlMmJmYjczMC1lY2FhLTExZTYtOGY4OC0zNDM2M2JjN2M0YzAiOnsiY3JlYXRlIjoxMjAwMDAwMDAwMDAwLCJkZWxldGUiOjEyMDAwMDAwMDAwMDAsInVwZGF0ZSI6MTIwMDAwMDAwMDAwMH0sInNjaGVtYV92ZXJzaW9uIjoiMSJ9",
          "dependencies": [
            "google_compute_network.vpc"
          ]
        }
      ]
    },
    {
      "mode": "managed",
      "type": "google_compute_global_address",
      "name": "lb_ip",
      "provider": "provider[\"registry.terraform.io/hashicorp/google\"]",
      "instances": [
        {
          "schema_version": 0,
          "attributes": {
            "address": "34.117.206.155",
            "address_type": "EXTERNAL",
            "creation_timestamp": "2025-12-19T06:29:10.680-08:00",
            "description": "",
            "effective_labels": {},
            "id": "projects/western-verve-481714-d4/global/addresses/http-lb-ip",
            "ip_version": "",
            "label_fingerprint": "42WmSpB8rSM=",
            "labels": {},
            "name": "http-lb-ip",
            "network": "",
            "prefix_length": 0,
            "project": "western-verve-481714-d4",
            "purpose": "",
            "self_link": "https://www.googleapis.com/compute/v1/projects/western-verve-481714-d4/global/addresses/http-lb-ip",
            "terraform_labels": {},
            "timeouts": null
          },
          "sensitive_attributes": [],
          "private": "eyJlMmJmYjczMC1lY2FhLTExZTYtOGY4OC0zNDM2M2JjN2M0YzAiOnsiY3JlYXRlIjoxMjAwMDAwMDAwMDAwLCJkZWxldGUiOjEyMDAwMDAwMDAwMDAsInVwZGF0ZSI6MTIwMDAwMDAwMDAwMH19"
        }
      ]
    },
    {
      "mode": "managed",
      "type": "google_compute_global_address",
      "name": "private_service_range",
      "provider": "provider[\"registry.terraform.io/hashicorp/google\"]",
      "instances": [
        {
          "schema_version": 0,
          "attributes": {
            "address": "10.193.0.0",
            "address_type": "INTERNAL",
            "creation_timestamp": "2025-12-19T06:29:22.161-08:00",
            "description": "",
            "effective_labels": {},
            "id": "projects/western-verve-481714-d4/global/addresses/private-service-range",
            "ip_version": "",
            "label_fingerprint": "42WmSpB8rSM=",
            "labels": {},
            "name": "private-service-range",
            "network": "https://www.googleapis.com/compute/v1/projects/western-verve-481714-d4/global/networks/main-vpc",
            "prefix_length": 16,
            "project": "western-verve-481714-d4",
            "purpose": "VPC_PEERING",
            "self_link": "https://www.googleapis.com/compute/v1/projects/western-verve-481714-d4/global/addresses/private-service-range",
            "terraform_labels": {},
            "timeouts": null
          },
          "sensitive_attributes": [],
          "private": "eyJlMmJmYjczMC1lY2FhLTExZTYtOGY4OC0zNDM2M2JjN2M0YzAiOnsiY3JlYXRlIjoxMjAwMDAwMDAwMDAwLCJkZWxldGUiOjEyMDAwMDAwMDAwMDAsInVwZGF0ZSI6MTIwMDAwMDAwMDAwMH19",
          "dependencies": [
            "google_compute_network.vpc"
          ]
        }
      ]
    },
    {
      "mode": "managed",
      "type": "google_compute_global_forwarding_rule",
      "name": "http_forwarding_rule",
      "provider": "provider[\"registry.terraform.io/hashicorp/google\"]",
      "instances": [
        {
          "schema_version": 0,
          "attributes": {
            "base_forwarding_rule": "",
            "description": "",
            "effective_labels": {},
            "id": "projects/western-verve-481714-d4/global/forwardingRules/http-forwarding-rule",
            "ip_address": "34.117.206.155",
            "ip_protocol": "TCP",
            "ip_version": "",
            "label_fingerprint": "42WmSpB8rSM=",
            "labels": {},
            "load_balancing_scheme": "EXTERNAL",
            "metadata_filters": [],
            "name": "http-forwarding-rule",
            "network": "",
            "no_automate_dns_zone": null,
            "port_range": "80-80",
            "project": "western-verve-481714-d4",
            "psc_connection_id": "",
            "psc_connection_status": "",
            "self_link": "https://www.googleapis.com/compute/v1/projects/western-verve-481714-d4/global/forwardingRules/http-forwarding-rule",
            "service_directory_registrations": [],
            "source_ip_ranges": [],
            "subnetwork": "",
            "target": "https://www.googleapis.com/compute/v1/projects/western-verve-481714-d4/global/targetHttpProxies/web-http-proxy",
            "terraform_labels": {},
            "timeouts": null
          },
          "sensitive_attributes": [],
          "private": "eyJlMmJmYjczMC1lY2FhLTExZTYtOGY4OC0zNDM2M2JjN2M0YzAiOnsiY3JlYXRlIjoxMjAwMDAwMDAwMDAwLCJkZWxldGUiOjEyMDAwMDAwMDAwMDAsInVwZGF0ZSI6MTIwMDAwMDAwMDAwMH19",
          "dependencies": [
            "google_compute_backend_service.web_backend",
            "google_compute_global_address.lb_ip",
            "google_compute_health_check.http_healthcheck",
            "google_compute_instance_group_manager.web_igm",
            "google_compute_instance_template.web_template",
            "google_compute_network.vpc",
            "google_compute_subnetwork.subnet",
            "google_compute_target_http_proxy.web_http_proxy",
            "google_compute_url_map.web_url_map",
            "google_service_account.default_sa"
          ]
        }
      ]
    },
    {
      "mode": "managed",
      "type": "google_compute_health_check",
      "name": "http_healthcheck",
      "provider": "provider[\"registry.terraform.io/hashicorp/google\"]",
      "instances": [
        {
          "schema_version": 0,
          "attributes": {
            "check_interval_sec": 10,
            "creation_timestamp": "2025-12-19T06:29:10.600-08:00",
            "description": "",
            "grpc_health_check": [],
            "healthy_threshold": 2,
            "http2_health_check": [],
            "http_health_check": [
              {
                "host": "",
                "port": 80,
                "port_name": "",
                "port_specification": "",
                "proxy_header": "NONE",
                "request_path": "/",
                "response": ""
              }
            ],
            "https_health_check": [],
            "id": "projects/western-verve-481714-d4/global/healthChecks/web-http-healthcheck",
            "log_config": [
              {
                "enable": false
              }
            ],
            "name": "web-http-healthcheck",
            "project": "western-verve-481714-d4",
            "self_link": "https://www.googleapis.com/compute/v1/projects/western-verve-481714-d4/global/healthChecks/web-http-healthcheck",
            "source_regions": [],
            "ssl_health_check": [],
            "tcp_health_check": [],
            "timeout_sec": 5,
            "timeouts": null,
            "type": "HTTP",
            "unhealthy_threshold": 2
          },
          "sensitive_attributes": [],
          "private": "eyJlMmJmYjczMC1lY2FhLTExZTYtOGY4OC0zNDM2M2JjN2M0YzAiOnsiY3JlYXRlIjoxMjAwMDAwMDAwMDAwLCJkZWxldGUiOjEyMDAwMDAwMDAwMDAsInVwZGF0ZSI6MTIwMDAwMDAwMDAwMH19"
        }
      ]
    },
    {
      "mode": "managed",
      "type": "google_compute_instance_group_manager",
      "name": "web_igm",
      "provider": "provider[\"registry.terraform.io/hashicorp/google\"]",
      "instances": [
        {
          "schema_version": 0,
          "attributes": {
            "all_instances_config": [],
            "auto_healing_policies": [],
            "base_instance_name": "web",
            "creation_timestamp": "2025-12-19T06:29:46.329-08:00",
            "description": "",
            "fingerprint": "bPT8QTXei4c=",
            "id": "projects/western-verve-481714-d4/zones/europe-west1-b/instanceGroupManagers/web-igm",
            "instance_group": "https://www.googleapis.com/compute/v1/projects/western-verve-481714-d4/zones/europe-west1-b/instanceGroups/web-igm",
            "instance_lifecycle_policy": [
              {
                "default_action_on_failure": "REPAIR",
                "force_update_on_repair": "NO"
              }
            ],
            "list_managed_instances_results": "PAGELESS",
            "name": "web-igm",
            "named_port": [
              {
                "name": "http",
                "port": 80
              }
            ],
            "operation": null,
            "project": "western-verve-481714-d4",
            "self_link": "https://www.googleapis.com/compute/v1/projects/western-verve-481714-d4/zones/europe-west1-b/instanceGroupManagers/web-igm",
            "stateful_disk": [],
            "stateful_external_ip": [],
            "stateful_internal_ip": [],
            "status": [
              {
                "all_instances_config": [
                  {
                    "current_revision": "",
                    "effective": true
                  }
                ],
                "is_stable": true,
                "stateful": [
                  {
                    "has_stateful_config": false,
                    "per_instance_configs": [
                      {
                        "all_effective": true
                      }
                    ]
                  }
                ],
                "version_target": [
                  {
                    "is_reached": true
                  }
                ]
              }
            ],
            "target_pools": [],
            "target_size": 1,
            "timeouts": null,
            "update_policy": [
              {
                "max_surge_fixed": 1,
                "max_surge_percent": 0,
                "max_unavailable_fixed": 1,
                "max_unavailable_percent": 0,
                "minimal_action": "REPLACE",
                "most_disruptive_allowed_action": "",
                "replacement_method": "SUBSTITUTE",
                "type": "OPPORTUNISTIC"
              }
            ],
            "version": [
              {
                "instance_template": "https://www.googleapis.com/compute/v1/projects/western-verve-481714-d4/global/instanceTemplates/web-tpl-20251219142942473800000001",
                "name": "",
                "target_size": []
              }
            ],
            "wait_for_instances": false,
            "wait_for_instances_status": "STABLE",
            "zone": "europe-west1-b"
          },
          "sensitive_attributes": [],
          "private": "eyJlMmJmYjczMC1lY2FhLTExZTYtOGY4OC0zNDM2M2JjN2M0YzAiOnsiY3JlYXRlIjo5MDAwMDAwMDAwMDAsImRlbGV0ZSI6OTAwMDAwMDAwMDAwLCJ1cGRhdGUiOjkwMDAwMDAwMDAwMH19",
          "dependencies": [
            "google_compute_instance_template.web_template",
            "google_compute_network.vpc",
            "google_compute_subnetwork.subnet",
            "google_service_account.default_sa"
          ]
        }
      ]
    },
    {
      "mode": "managed",
      "type": "google_compute_instance_template",
      "name": "web_template",
      "provider": "provider[\"registry.terraform.io/hashicorp/google\"]",
      "instances": [
        {
          "schema_version": 1,
          "attributes": {
            "advanced_machine_features": [],
            "can_ip_forward": false,
            "confidential_instance_config": [],
            "description": "",
            "disk": [
              {
                "auto_delete": true,
                "boot": true,
                "device_name": "persistent-disk-0",
                "disk_encryption_key": [],
                "disk_name": "",
                "disk_size_gb": 0,
                "disk_type": "pd-standard",
                "interface": "SCSI",
                "labels": {},
                "mode": "READ_WRITE",
                "provisioned_iops": 0,
                "resource_manager_tags": {},
                "resource_policies": [],
                "source": "",
                "source_image": "projects/debian-cloud/global/images/family/debian-12",
                "source_image_encryption_key": [],
                "source_snapshot": "",
                "source_snapshot_encryption_key": [],
                "type": "PERSISTENT"
              }
            ],
            "effective_labels": {},
            "guest_accelerator": [],
            "id": "projects/western-verve-481714-d4/global/instanceTemplates/web-tpl-20251219142942473800000001",
            "instance_description": "",
            "labels": null,
            "machine_type": "e2-micro",
            "metadata": {
              "startup-script": "#!/usr/bin/env bash\n\n# Mise à jour du système\napt-get update -y\n\n# Installation d'un serveur web simple (Apache)\napt-get install -y apache2\n\n# Activation du service\nsystemctl enable apache2\nsystemctl start apache2\n\n# Page d'accueil simple\ncat \u003e /var/www/html/index.html \u003c\u003cEOF\n\u003c!DOCTYPE html\u003e\n\u003chtml lang=\"fr\"\u003e\n\u003chead\u003e\n  \u003cmeta charset=\"UTF-8\"\u003e\n  \u003ctitle\u003eTerraform GCP Demo\u003c/title\u003e\n\u003c/head\u003e\n\u003cbody\u003e\n  \u003ch1\u003eInstance déployée via Terraform\u003c/h1\u003e\n  \u003cp\u003eBackend derrière un HTTP Load Balancer GCP.\u003c/p\u003e\n\u003c/body\u003e\n\u003c/html\u003e\nEOF\n"
            },
            "metadata_fingerprint": "6grIpy0Ylpg=",
            "metadata_startup_script": null,
            "min_cpu_platform": "",
            "name": "web-tpl-20251219142942473800000001",
            "name_prefix": "web-tpl-",
            "network_interface": [
              {
                "access_config": [],
                "alias_ip_range": [],
                "internal_ipv6_prefix_length": 0,
                "ipv6_access_config": [],
                "ipv6_access_type": "",
                "ipv6_address": "",
                "name": "nic0",
                "network": "https://www.googleapis.com/compute/v1/projects/western-verve-481714-d4/global/networks/main-vpc",
                "network_ip": "",
                "nic_type": "",
                "queue_count": 0,
                "stack_type": "",
                "subnetwork": "https://www.googleapis.com/compute/v1/projects/western-verve-481714-d4/regions/europe-west1/subnetworks/main-vpc-subnet",
                "subnetwork_project": "western-verve-481714-d4"
              }
            ],
            "network_performance_config": [],
            "project": "western-verve-481714-d4",
            "region": "europe-west1",
            "reservation_affinity": [],
            "resource_manager_tags": null,
            "resource_policies": null,
            "scheduling": [
              {
                "automatic_restart": true,
                "instance_termination_action": "",
                "local_ssd_recovery_timeout": [],
                "max_run_duration": [],
                "min_node_cpus": 0,
                "node_affinities": [],
                "on_host_maintenance": "MIGRATE",
                "on_instance_stop_action": [],
                "preemptible": false,
                "provisioning_model": "STANDARD"
              }
            ],
            "self_link": "https://www.googleapis.com/compute/v1/projects/western-verve-481714-d4/global/instanceTemplates/web-tpl-20251219142942473800000001",
            "self_link_unique": "https://www.googleapis.com/compute/v1/projects/western-verve-481714-d4/global/instanceTemplates/web-tpl-20251219142942473800000001?uniqueId=3143014666086178745",
            "service_account": [
              {
                "email": "compute-default-sa@western-verve-481714-d4.iam.gserviceaccount.com",
                "scopes": [
                  "https://www.googleapis.com/auth/cloud-platform"
                ]
              }
            ],
            "shielded_instance_config": [],
            "tags": [
              "web-server"
            ],
            "tags_fingerprint": "",
            "terraform_labels": {},
            "timeouts": null
          },
          "sensitive_attributes": [],
          "private": "eyJlMmJmYjczMC1lY2FhLTExZTYtOGY4OC0zNDM2M2JjN2M0YzAiOnsiY3JlYXRlIjoyNDAwMDAwMDAwMDAsImRlbGV0ZSI6MjQwMDAwMDAwMDAwfSwic2NoZW1hX3ZlcnNpb24iOiIxIn0=",
          "dependencies": [
            "google_compute_network.vpc",
            "google_compute_subnetwork.subnet",
            "google_service_account.default_sa"
          ]
        }
      ]
    },
    {
      "mode": "managed",
      "type": "google_compute_network",
      "name": "vpc",
      "provider": "provider[\"registry.terraform.io/hashicorp/google\"]",
      "instances": [
        {
          "schema_version": 0,
          "attributes": {
            "auto_create_subnetworks": false,
            "delete_default_routes_on_create": false,
            "description": "",
            "enable_ula_internal_ipv6": false,
            "gateway_ipv4": "",
            "id": "projects/western-verve-481714-d4/global/networks/main-vpc",
            "internal_ipv6_range": "",
            "mtu": 0,
            "name": "main-vpc",
            "network_firewall_policy_enforcement_order": "AFTER_CLASSIC_FIREWALL",
            "numeric_id": "6896129184375562201",
            "project": "western-verve-481714-d4",
            "routing_mode": "REGIONAL",
            "self_link": "https://www.googleapis.com/compute/v1/projects/western-verve-481714-d4/global/networks/main-vpc",
            "timeouts": null
          },
          "sensitive_attributes": [],
          "private": "eyJlMmJmYjczMC1lY2FhLTExZTYtOGY4OC0zNDM2M2JjN2M0YzAiOnsiY3JlYXRlIjoxMjAwMDAwMDAwMDAwLCJkZWxldGUiOjEyMDAwMDAwMDAwMDAsInVwZGF0ZSI6MTIwMDAwMDAwMDAwMH19"
        }
      ]
    },
    {
      "mode": "managed",
      "type": "google_compute_router",
      "name": "router",
      "provider": "provider[\"registry.terraform.io/hashicorp/google\"]",
      "instances": [
        {
          "schema_version": 0,
          "attributes": {
            "bgp": [],
            "creation_timestamp": "2025-12-19T06:29:23.240-08:00",
            "description": "",
            "encrypted_interconnect_router": false,
            "id": "projects/western-verve-481714-d4/regions/europe-west1/routers/main-vpc-router",
            "name": "main-vpc-router",
            "network": "https://www.googleapis.com/compute/v1/projects/western-verve-481714-d4/global/networks/main-vpc",
            "project": "western-verve-481714-d4",
            "region": "europe-west1",
            "self_link": "https://www.googleapis.com/compute/v1/projects/western-verve-481714-d4/regions/europe-west1/routers/main-vpc-router",
            "timeouts": null
          },
          "sensitive_attributes": [],
          "private": "eyJlMmJmYjczMC1lY2FhLTExZTYtOGY4OC0zNDM2M2JjN2M0YzAiOnsiY3JlYXRlIjoxMjAwMDAwMDAwMDAwLCJkZWxldGUiOjEyMDAwMDAwMDAwMDAsInVwZGF0ZSI6MTIwMDAwMDAwMDAwMH19",
          "dependencies": [
            "google_compute_network.vpc"
          ]
        }
      ]
    },
    {
      "mode": "managed",
      "type": "google_compute_router_nat",
      "name": "nat",
      "provider": "provider[\"registry.terraform.io/hashicorp/google\"]",
      "instances": [
        {
          "schema_version": 0,
          "attributes": {
            "auto_network_tier": "PREMIUM",
            "drain_nat_ips": [],
            "enable_dynamic_port_allocation": false,
            "enable_endpoint_independent_mapping": false,
            "endpoint_types": [
              "ENDPOINT_TYPE_VM"
            ],
            "icmp_idle_timeout_sec": 30,
            "id": "western-verve-481714-d4/europe-west1/main-vpc-router/main-vpc-nat",
            "log_config": [],
            "max_ports_per_vm": 0,
            "min_ports_per_vm": 0,
            "name": "main-vpc-nat",
            "nat_ip_allocate_option": "AUTO_ONLY",
            "nat_ips": [],
            "project": "western-verve-481714-d4",
            "region": "europe-west1",
            "router": "main-vpc-router",
            "rules": [],
            "source_subnetwork_ip_ranges_to_nat": "ALL_SUBNETWORKS_ALL_IP_RANGES",
            "subnetwork": [],
            "tcp_established_idle_timeout_sec": 1200,
            "tcp_time_wait_timeout_sec": 120,
            "tcp_transitory_idle_timeout_sec": 30,
            "timeouts": null,
            "udp_idle_timeout_sec": 30
          },
          "sensitive_attributes": [],
          "private": "eyJlMmJmYjczMC1lY2FhLTExZTYtOGY4OC0zNDM2M2JjN2M0YzAiOnsiY3JlYXRlIjoxMjAwMDAwMDAwMDAwLCJkZWxldGUiOjEyMDAwMDAwMDAwMDAsInVwZGF0ZSI6MTIwMDAwMDAwMDAwMH19",
          "dependencies": [
            "google_compute_network.vpc",
            "google_compute_router.router"
          ]
        }
      ]
    },
    {
      "mode": "managed",
      "type": "google_compute_subnetwork",
      "name": "subnet",
      "provider": "provider[\"registry.terraform.io/hashicorp/google\"]",
      "instances": [
        {
          "schema_version": 0,
          "attributes": {
            "creation_timestamp": "2025-12-19T06:29:22.292-08:00",
            "description": "",
            "external_ipv6_prefix": "",
            "fingerprint": null,
            "gateway_address": "10.0.0.1",
            "id": "projects/western-verve-481714-d4/regions/europe-west1/subnetworks/main-vpc-subnet",
            "internal_ipv6_prefix": "",
            "ip_cidr_range": "10.0.0.0/24",
            "ipv6_access_type": "",
            "ipv6_cidr_range": "",
            "log_config": [],
            "name": "main-vpc-subnet",
            "network": "https://www.googleapis.com/compute/v1/projects/western-verve-481714-d4/global/networks/main-vpc",
            "private_ip_google_access": false,
            "private_ipv6_google_access": "DISABLE_GOOGLE_ACCESS",
            "project": "western-verve-481714-d4",
            "purpose": "PRIVATE",
            "region": "europe-west1",
            "role": "",
            "secondary_ip_range": [],
            "self_link": "https://www.googleapis.com/compute/v1/projects/western-verve-481714-d4/regions/europe-west1/subnetworks/main-vpc-subnet",
            "send_secondary_ip_range_if_empty": null,
            "stack_type": "IPV4_ONLY",
            "timeouts": null
          },
          "sensitive_attributes": [],
          "private": "eyJlMmJmYjczMC1lY2FhLTExZTYtOGY4OC0zNDM2M2JjN2M0YzAiOnsiY3JlYXRlIjoxMjAwMDAwMDAwMDAwLCJkZWxldGUiOjEyMDAwMDAwMDAwMDAsInVwZGF0ZSI6MTIwMDAwMDAwMDAwMH19",
          "dependencies": [
            "google_compute_network.vpc"
          ]
        }
      ]
    },
    {
      "mode": "managed",
      "type": "google_compute_target_http_proxy",
      "name": "web_http_proxy",
      "provider": "provider[\"registry.terraform.io/hashicorp/google\"]",
      "instances": [
        {
          "schema_version": 0,
          "attributes": {
            "creation_timestamp": "2025-12-19T06:31:22.453-08:00",
            "description": "",
            "http_keep_alive_timeout_sec": 0,
            "id": "projects/western-verve-481714-d4/global/targetHttpProxies/web-http-proxy",
            "name": "web-http-proxy",
            "project": "western-verve-481714-d4",
            "proxy_bind": false,
            "proxy_id": 5055833928236588885,
            "self_link": "https://www.googleapis.com/compute/v1/projects/western-verve-481714-d4/global/targetHttpProxies/web-http-proxy",
            "timeouts": null,
            "url_map": "https://www.googleapis.com/compute/v1/projects/western-verve-481714-d4/global/urlMaps/web-url-map"
          },
          "sensitive_attributes": [],
          "private": "eyJlMmJmYjczMC1lY2FhLTExZTYtOGY4OC0zNDM2M2JjN2M0YzAiOnsiY3JlYXRlIjoxMjAwMDAwMDAwMDAwLCJkZWxldGUiOjEyMDAwMDAwMDAwMDAsInVwZGF0ZSI6MTIwMDAwMDAwMDAwMH19",
          "dependencies": [
            "google_compute_backend_service.web_backend",
            "google_compute_health_check.http_healthcheck",
            "google_compute_instance_group_manager.web_igm",
            "google_compute_instance_template.web_template",
            "google_compute_network.vpc",
            "google_compute_subnetwork.subnet",
            "google_compute_url_map.web_url_map",
            "google_service_account.default_sa"
          ]
        }
      ]
    },
    {
      "mode": "managed",
      "type": "google_compute_url_map",
      "name": "web_url_map",
      "provider": "provider[\"registry.terraform.io/hashicorp/google\"]",
      "instances": [
        {
          "schema_version": 0,
          "attributes": {
            "creation_timestamp": "2025-12-19T06:31:11.064-08:00",
            "default_route_action": [],
            "default_service": "https://www.googleapis.com/compute/v1/projects/western-verve-481714-d4/global/backendServices/web-backend-service",
            "default_url_redirect": [],
            "description": "",
            "fingerprint": "1Nq1uTdmqVQ=",
            "header_action": [],
            "host_rule": [],
            "id": "projects/western-verve-481714-d4/global/urlMaps/web-url-map",
            "map_id": 4209025883960827712,
            "name": "web-url-map",
            "path_matcher": [],
            "project": "western-verve-481714-d4",
            "self_link": "https://www.googleapis.com/compute/v1/projects/western-verve-481714-d4/global/urlMaps/web-url-map",
            "test": [],
            "timeouts": null
          },
          "sensitive_attributes": [],
          "private": "eyJlMmJmYjczMC1lY2FhLTExZTYtOGY4OC0zNDM2M2JjN2M0YzAiOnsiY3JlYXRlIjoxMjAwMDAwMDAwMDAwLCJkZWxldGUiOjEyMDAwMDAwMDAwMDAsInVwZGF0ZSI6MTIwMDAwMDAwMDAwMH19",
          "dependencies": [
            "google_compute_backend_service.web_backend",
            "google_compute_health_check.http_healthcheck",
            "google_compute_instance_group_manager.web_igm",
            "google_compute_instance_template.web_template",
            "google_compute_network.vpc",
            "google_compute_subnetwork.subnet",
            "google_service_account.default_sa"
          ]
        }
      ]
    },
    {
      "mode": "managed",
      "type": "google_project_service",
      "name": "services",
      "provider": "provider[\"registry.terraform.io/hashicorp/google\"]",
      "instances": [
        {
          "index_key": "compute.googleapis.com",
          "schema_version": 0,
          "attributes": {
            "disable_dependent_services": null,
            "disable_on_destroy": false,
            "id": "western-verve-481714-d4/compute.googleapis.com",
            "project": "western-verve-481714-d4",
            "service": "compute.googleapis.com",
            "timeouts": null
          },
          "sensitive_attributes": [],
          "private": "eyJlMmJmYjczMC1lY2FhLTExZTYtOGY4OC0zNDM2M2JjN2M0YzAiOnsiY3JlYXRlIjoxMjAwMDAwMDAwMDAwLCJkZWxldGUiOjEyMDAwMDAwMDAwMDAsInJlYWQiOjYwMDAwMDAwMDAwMCwidXBkYXRlIjoxMjAwMDAwMDAwMDAwfX0="
        },
        {
          "index_key": "servicenetworking.googleapis.com",
          "schema_version": 0,
          "attributes": {
            "disable_dependent_services": null,
            "disable_on_destroy": false,
            "id": "western-verve-481714-d4/servicenetworking.googleapis.com",
            "project": "western-verve-481714-d4",
            "service": "servicenetworking.googleapis.com",
            "timeouts": null
          },
          "sensitive_attributes": [],
          "private": "eyJlMmJmYjczMC1lY2FhLTExZTYtOGY4OC0zNDM2M2JjN2M0YzAiOnsiY3JlYXRlIjoxMjAwMDAwMDAwMDAwLCJkZWxldGUiOjEyMDAwMDAwMDAwMDAsInJlYWQiOjYwMDAwMDAwMDAwMCwidXBkYXRlIjoxMjAwMDAwMDAwMDAwfX0="
        },
        {
          "index_key": "sqladmin.googleapis.com",
          "schema_version": 0,
          "attributes": {
            "disable_dependent_services": null,
            "disable_on_destroy": false,
            "id": "western-verve-481714-d4/sqladmin.googleapis.com",
            "project": "western-verve-481714-d4",
            "service": "sqladmin.googleapis.com",
            "timeouts": null
          },
          "sensitive_attributes": [],
          "private": "eyJlMmJmYjczMC1lY2FhLTExZTYtOGY4OC0zNDM2M2JjN2M0YzAiOnsiY3JlYXRlIjoxMjAwMDAwMDAwMDAwLCJkZWxldGUiOjEyMDAwMDAwMDAwMDAsInJlYWQiOjYwMDAwMDAwMDAwMCwidXBkYXRlIjoxMjAwMDAwMDAwMDAwfX0="
        },
        {
          "index_key": "storage.googleapis.com",
          "schema_version": 0,
          "attributes": {
            "disable_dependent_services": null,
            "disable_on_destroy": false,
            "id": "western-verve-481714-d4/storage.googleapis.com",
            "project": "western-verve-481714-d4",
            "service": "storage.googleapis.com",
            "timeouts": null
          },
          "sensitive_attributes": [],
          "private": "eyJlMmJmYjczMC1lY2FhLTExZTYtOGY4OC0zNDM2M2JjN2M0YzAiOnsiY3JlYXRlIjoxMjAwMDAwMDAwMDAwLCJkZWxldGUiOjEyMDAwMDAwMDAwMDAsInJlYWQiOjYwMDAwMDAwMDAwMCwidXBkYXRlIjoxMjAwMDAwMDAwMDAwfX0="
        }
      ]
    },
    {
      "mode": "managed",
      "type": "google_service_account",
      "name": "default_sa",
      "provider": "provider[\"registry.terraform.io/hashicorp/google\"]",
      "instances": [
        {
          "schema_version": 0,
          "attributes": {
            "account_id": "compute-default-sa",
            "create_ignore_already_exists": null,
            "description": "",
            "disabled": false,
            "display_name": "Default Compute Service Account",
            "email": "compute-default-sa@western-verve-481714-d4.iam.gserviceaccount.com",
            "id": "projects/western-verve-481714-d4/serviceAccounts/compute-default-sa@western-verve-481714-d4.iam.gserviceaccount.com",
            "member": "serviceAccount:compute-default-sa@western-verve-481714-d4.iam.gserviceaccount.com",
            "name": "projects/western-verve-481714-d4/serviceAccounts/compute-default-sa@western-verve-481714-d4.iam.gserviceaccount.com",
            "project": "western-verve-481714-d4",
            "timeouts": null,
            "unique_id": "117231771364751565622"
          },
          "sensitive_attributes": [],
          "private": "eyJlMmJmYjczMC1lY2FhLTExZTYtOGY4OC0zNDM2M2JjN2M0YzAiOnsiY3JlYXRlIjozMDAwMDAwMDAwMDB9fQ=="
        }
      ]
    },
    {
      "mode": "managed",
      "type": "google_service_networking_connection",
      "name": "private_vpc_connection",
      "provider": "provider[\"registry.terraform.io/hashicorp/google\"]",
      "instances": [
        {
          "schema_version": 0,
          "attributes": {
            "deletion_policy": null,
            "id": "projects%2Fwestern-verve-481714-d4%2Fglobal%2Fnetworks%2Fmain-vpc:servicenetworking.googleapis.com",
            "network": "projects/western-verve-481714-d4/global/networks/main-vpc",
            "peering": "servicenetworking-googleapis-com",
            "reserved_peering_ranges": [
              "private-service-range"
            ],
            "service": "servicenetworking.googleapis.com",
            "timeouts": null,
            "update_on_creation_fail": null
          },
          "sensitive_attributes": [],
          "private": "eyJlMmJmYjczMC1lY2FhLTExZTYtOGY4OC0zNDM2M2JjN2M0YzAiOnsiY3JlYXRlIjo2MDAwMDAwMDAwMDAsImRlbGV0ZSI6NjAwMDAwMDAwMDAwLCJ1cGRhdGUiOjYwMDAwMDAwMDAwMH19",
          "dependencies": [
            "google_compute_global_address.private_service_range",
            "google_compute_network.vpc"
          ]
        }
      ]
    },
    {
      "mode": "managed",
      "type": "google_sql_database",
      "name": "db",
      "provider": "provider[\"registry.terraform.io/hashicorp/google\"]",
      "instances": [
        {
          "schema_version": 0,
          "attributes": {
            "charset": "utf8mb4",
            "collation": "utf8mb4_0900_ai_ci",
            "deletion_policy": "DELETE",
            "id": "projects/western-verve-481714-d4/instances/demo-sql-instance/databases/appdb",
            "instance": "demo-sql-instance",
            "name": "appdb",
            "project": "western-verve-481714-d4",
            "self_link": "https://sqladmin.googleapis.com/sql/v1beta4/projects/western-verve-481714-d4/instances/demo-sql-instance/databases/appdb",
            "timeouts": null
          },
          "sensitive_attributes": [],
          "private": "eyJlMmJmYjczMC1lY2FhLTExZTYtOGY4OC0zNDM2M2JjN2M0YzAiOnsiY3JlYXRlIjoxMjAwMDAwMDAwMDAwLCJkZWxldGUiOjEyMDAwMDAwMDAwMDAsInVwZGF0ZSI6MTIwMDAwMDAwMDAwMH19",
          "dependencies": [
            "google_compute_global_address.private_service_range",
            "google_compute_network.vpc",
            "google_service_networking_connection.private_vpc_connection",
            "google_sql_database_instance.db_instance"
          ]
        }
      ]
    },
    {
      "mode": "managed",
      "type": "google_sql_database_instance",
      "name": "db_instance",
      "provider": "provider[\"registry.terraform.io/hashicorp/google\"]",
      "instances": [
        {
          "schema_version": 0,
          "attributes": {
            "available_maintenance_versions": [],
            "clone": [],
            "connection_name": "western-verve-481714-d4:europe-west1:demo-sql-instance",
            "database_version": "MYSQL_8_0",
            "deletion_protection": true,
            "dns_name": "",
            "encryption_key_name": null,
            "first_ip_address": "10.193.0.3",
            "id": "demo-sql-instance",
            "instance_type": "CLOUD_SQL_INSTANCE",
            "ip_address": [
              {
                "ip_address": "10.193.0.3",
                "time_to_retire": "",
                "type": "PRIVATE"
              }
            ],
            "maintenance_version": "MYSQL_8_0_41.R20251004.01_24",
            "master_instance_name": "",
            "name": "demo-sql-instance",
            "private_ip_address": "10.193.0.3",
            "project": "western-verve-481714-d4",
            "psc_service_attachment_link": "",
            "public_ip_address": "",
            "region": "europe-west1",
            "replica_configuration": [],
            "restore_backup_context": [],
            "root_password": null,
            "self_link": "https://sqladmin.googleapis.com/sql/v1beta4/projects/western-verve-481714-d4/instances/demo-sql-instance",
            "server_ca_cert": [
              {
                "cert": "-----BEGIN CERTIFICATE-----\nMIIDfzCCAmegAwIBAgIBADANBgkqhkiG9w0BAQsFADB3MS0wKwYDVQQuEyQ1NDY0\nZjY1MC03ZjllLTRmYWYtOTkzMy1kYzViN2Y1MGRkNmQxIzAhBgNVBAMTGkdvb2ds\nZSBDbG91ZCBTUUwgU2VydmVyIENBMRQwEgYDVQQKEwtHb29nbGUsIEluYzELMAkG\nA1UEBhMCVVMwHhcNMjUxMjE5MTQzMzMwWhcNMzUxMjE3MTQzNDMwWjB3MS0wKwYD\nVQQuEyQ1NDY0ZjY1MC03ZjllLTRmYWYtOTkzMy1kYzViN2Y1MGRkNmQxIzAhBgNV\nBAMTGkdvb2dsZSBDbG91ZCBTUUwgU2VydmVyIENBMRQwEgYDVQQKEwtHb29nbGUs\nIEluYzELMAkGA1UEBhMCVVMwggEiMA0GCSqGSIb3DQEBAQUAA4IBDwAwggEKAoIB\nAQC1XfQ8vXi+LZznt6Tsqk29FBUI+RTq0EsrL/r0XkaIqlAsEAaMGQ3A7R+Bsmc8\nM0OMYn7uwgmPAoTSbkXfNaeHeGfMqSKlgaFr0HlBZ6LJwHueglkg/TUpGPE9Plg5\n0/6E6lxhWe6M1/4uY2puW+CrBkuiz2qXevniJNnWFk/Mxwn8ZofmhX0OeWoFO3EC\nOuDa3QI1gNcJZf572s8gi3V9XVeDtlv8F4v/dP31vcvtJyA3A8YWXEyxZvrGVeCp\nmEMC9Qd1+LPQ21qWtX1pe78QQyVd0jSF7do482ME4agIwr8Gtb3OTmPvPTzY5KTx\nZCbGEf5Ae0zx2+nxAOOt651JAgMBAAGjFjAUMBIGA1UdEwEB/wQIMAYBAf8CAQAw\nDQYJKoZIhvcNAQELBQADggEBAIge4JRyHt0IeloP3JcmRfAONakCir2h/+0ckdf+\n+zIpx/Ndzl303G1a03ouFHAo3VJ8fT+WDIV6/p35Mx2e8p+eqDsGxhcFAZlfSyXo\nFiOS622jb+aDnsTs5lQlxmJKIeB6j9jeUhc3h9QEN1lRK7cbLYau+m2PBUogpmUj\n1oGG0I/gfjIvt1mHDrjcIa5hT55sW6oz3vPvtkIU72U0KpdL5yP0xvm2eI6Inzmn\ncGXZDokInaoAUqx2OWRT3AmgHTIfdBlth670pYeehtivJMkyJWzxT25JbbtFqNA1\nBg+4yrcw8VifEZb9jfxFZTPpStYZIks0RFSpVNpTPLlf698=\n-----END CERTIFICATE-----",
                "common_name": "C=US,O=Google\\, Inc,CN=Google Cloud SQL Server CA,dnQualifier=5464f650-7f9e-4faf-9933-dc5b7f50dd6d",
                "create_time": "2025-12-19T14:33:30.663Z",
                "expiration_time": "2035-12-17T14:34:30.663Z",
                "sha1_fingerprint": "5cd4de39b8af053b48c20a70ec26346896cb840b"
              }
            ],
            "service_account_email_address": "p180547378346-3sesjn@gcp-sa-cloud-sql.iam.gserviceaccount.com",
            "settings": [
              {
                "activation_policy": "ALWAYS",
                "active_directory_config": [],
                "advanced_machine_features": [],
                "availability_type": "ZONAL",
                "backup_configuration": [
                  {
                    "backup_retention_settings": [
                      {
                        "retained_backups": 7,
                        "retention_unit": "COUNT"
                      }
                    ],
                    "binary_log_enabled": false,
                    "enabled": false,
                    "location": "",
                    "point_in_time_recovery_enabled": false,
                    "start_time": "05:00",
                    "transaction_log_retention_days": 7
                  }
                ],
                "collation": "",
                "connector_enforcement": "NOT_REQUIRED",
                "data_cache_config": [],
                "database_flags": [],
                "deletion_protection_enabled": false,
                "deny_maintenance_period": [],
                "disk_autoresize": true,
                "disk_autoresize_limit": 0,
                "disk_size": 10,
                "disk_type": "PD_SSD",
                "edition": "ENTERPRISE",
                "enable_dataplex_integration": false,
                "enable_google_ml_integration": false,
                "insights_config": [],
                "ip_configuration": [
                  {
                    "allocated_ip_range": "",
                    "authorized_networks": [],
                    "enable_private_path_for_google_cloud_services": false,
                    "ipv4_enabled": false,
                    "private_network": "projects/western-verve-481714-d4/global/networks/main-vpc",
                    "psc_config": [],
                    "require_ssl": false,
                    "server_ca_mode": "GOOGLE_MANAGED_INTERNAL_CA",
                    "ssl_mode": ""
                  }
                ],
                "location_preference": [
                  {
                    "follow_gae_application": "",
                    "secondary_zone": "",
                    "zone": "europe-west1-b"
                  }
                ],
                "maintenance_window": [],
                "password_validation_policy": [],
                "pricing_plan": "PER_USE",
                "sql_server_audit_config": [],
                "tier": "db-f1-micro",
                "time_zone": "",
                "user_labels": {},
                "version": 1
              }
            ],
            "timeouts": null
          },
          "sensitive_attributes": [
            [
              {
                "type": "get_attr",
                "value": "root_password"
              }
            ],
            [
              {
                "type": "get_attr",
                "value": "server_ca_cert"
              }
            ]
          ],
          "private": "eyJlMmJmYjczMC1lY2FhLTExZTYtOGY4OC0zNDM2M2JjN2M0YzAiOnsiY3JlYXRlIjo1NDAwMDAwMDAwMDAwLCJkZWxldGUiOjU0MDAwMDAwMDAwMDAsInVwZGF0ZSI6NTQwMDAwMDAwMDAwMH19",
          "dependencies": [
            "google_compute_global_address.private_service_range",
            "google_compute_network.vpc",
            "google_service_networking_connection.private_vpc_connection"
          ]
        }
      ]
    },
    {
      "mode": "managed",
      "type": "google_sql_user",
      "name": "db_user",
      "provider": "provider[\"registry.terraform.io/hashicorp/google\"]",
      "instances": [
        {
          "schema_version": 1,
          "attributes": {
            "deletion_policy": null,
            "host": "",
            "id": "appuser//demo-sql-instance",
            "instance": "demo-sql-instance",
            "name": "appuser",
            "password": "azerty123",
            "password_policy": [],
            "project": "western-verve-481714-d4",
            "sql_server_user_details": [],
            "timeouts": null,
            "type": ""
          },
          "sensitive_attributes": [
            [
              {
                "type": "get_attr",
                "value": "password"
              }
            ]
          ],
          "private": "eyJlMmJmYjczMC1lY2FhLTExZTYtOGY4OC0zNDM2M2JjN2M0YzAiOnsiY3JlYXRlIjo2MDAwMDAwMDAwMDAsImRlbGV0ZSI6NjAwMDAwMDAwMDAwLCJ1cGRhdGUiOjYwMDAwMDAwMDAwMH0sInNjaGVtYV92ZXJzaW9uIjoiMSJ9",
          "dependencies": [
            "google_compute_global_address.private_service_range",
            "google_compute_network.vpc",
            "google_service_networking_connection.private_vpc_connection",
            "google_sql_database_instance.db_instance"
          ]
        }
      ]
    },
    {
      "mode": "managed",
      "type": "google_storage_bucket",
      "name": "app_bucket",
      "provider": "provider[\"registry.terraform.io/hashicorp/google\"]",
      "instances": [
        {
          "schema_version": 2,
          "attributes": {
            "autoclass": [],
            "cors": [],
            "custom_placement_config": [],
            "default_event_based_hold": false,
            "effective_labels": {},
            "enable_object_retention": false,
            "encryption": [],
            "force_destroy": true,
            "id": "mon-bucket-terraform-cesi-2025",
            "labels": null,
            "lifecycle_rule": [],
            "location": "EUROPE-WEST1",
            "logging": [],
            "name": "mon-bucket-terraform-cesi-2025",
            "project": "western-verve-481714-d4",
            "project_number": 180547378346,
            "public_access_prevention": "inherited",
            "requester_pays": false,
            "retention_policy": [],
            "rpo": null,
            "self_link": "https://www.googleapis.com/storage/v1/b/mon-bucket-terraform-cesi-2025",
            "soft_delete_policy": [
              {
                "effective_time": "2025-12-19T14:48:01.274Z",
                "retention_duration_seconds": 604800
              }
            ],
            "storage_class": "STANDARD",
            "terraform_labels": {},
            "timeouts": null,
            "uniform_bucket_level_access": true,
            "url": "gs://mon-bucket-terraform-cesi-2025",
            "versioning": [
              {
                "enabled": false
              }
            ],
            "website": []
          },
          "sensitive_attributes": [],
          "private": "eyJlMmJmYjczMC1lY2FhLTExZTYtOGY4OC0zNDM2M2JjN2M0YzAiOnsiY3JlYXRlIjo2MDAwMDAwMDAwMDAsInJlYWQiOjI0MDAwMDAwMDAwMCwidXBkYXRlIjoyNDAwMDAwMDAwMDB9LCJzY2hlbWFfdmVyc2lvbiI6IjIifQ=="
        }
      ]
    },
    {
      "mode": "managed",
      "type": "google_storage_bucket_object",
      "name": "example_object",
      "provider": "provider[\"registry.terraform.io/hashicorp/google\"]",
      "instances": [
        {
          "schema_version": 0,
          "attributes": {
            "bucket": "mon-bucket-terraform-cesi-2025",
            "cache_control": "",
            "content": "Fichier stocké via Terraform.",
            "content_disposition": "",
            "content_encoding": "",
            "content_language": "",
            "content_type": "text/plain; charset=utf-8",
            "crc32c": "+S5LkA==",
            "customer_encryption": [],
            "detect_md5hash": "hPFufWQiZdycjFRToQc7Bg==",
            "event_based_hold": false,
            "generation": 1766155681708992,
            "id": "mon-bucket-terraform-cesi-2025-example.txt",
            "kms_key_name": "",
            "md5hash": "hPFufWQiZdycjFRToQc7Bg==",
            "media_link": "https://storage.googleapis.com/download/storage/v1/b/mon-bucket-terraform-cesi-2025/o/example.txt?generation=1766155681708992\u0026alt=media",
            "metadata": null,
            "name": "example.txt",
            "output_name": "example.txt",
            "retention": [],
            "self_link": "https://www.googleapis.com/storage/v1/b/mon-bucket-terraform-cesi-2025/o/example.txt",
            "source": null,
            "storage_class": "STANDARD",
            "temporary_hold": false,
            "timeouts": null
          },
          "sensitive_attributes": [
            [
              {
                "type": "get_attr",
                "value": "content"
              }
            ]
          ],
          "private": "eyJlMmJmYjczMC1lY2FhLTExZTYtOGY4OC0zNDM2M2JjN2M0YzAiOnsiY3JlYXRlIjoyNDAwMDAwMDAwMDAsImRlbGV0ZSI6MjQwMDAwMDAwMDAwLCJ1cGRhdGUiOjI0MDAwMDAwMDAwMH19",
          "dependencies": [
            "google_storage_bucket.app_bucket"
          ]
        }
      ]
    }
  ],
  "check_results": null
}
